// !$*UTF8*$!
{
	archiveVersion = 1;
	classes = {
	};
	objectVersion = 46;
	objects = {

/* Begin PBXBuildFile section */
		2B6FC9C759264B2B91F457F9 /* libPods.a in Frameworks */ = {isa = PBXBuildFile; fileRef = 85C7E8962564492BA15E09B9 /* libPods.a */; };
		7F6401FD18DF621D00DF677A /* MOSettingColorThemeCell.m in Sources */ = {isa = PBXBuildFile; fileRef = 7F6401FC18DF621D00DF677A /* MOSettingColorThemeCell.m */; };
		7F6401FF18DF626500DF677A /* MOSettingColorThemeCell.xib in Resources */ = {isa = PBXBuildFile; fileRef = 7F6401FE18DF626500DF677A /* MOSettingColorThemeCell.xib */; };
		7F8D98AD18DFF6790097C4C9 /* MONavigationSettingViewController.m in Sources */ = {isa = PBXBuildFile; fileRef = 7F8D98AC18DFF6790097C4C9 /* MONavigationSettingViewController.m */; };
		7F8D98B018E0936A0097C4C9 /* MOBackgroundColor.m in Sources */ = {isa = PBXBuildFile; fileRef = 7F8D98AF18E0936A0097C4C9 /* MOBackgroundColor.m */; };
		7F8D98B418E0A8E90097C4C9 /* MOSettingMakerTableViewCell.m in Sources */ = {isa = PBXBuildFile; fileRef = 7F8D98B218E0A8E90097C4C9 /* MOSettingMakerTableViewCell.m */; };
		7F8D98B518E0A8E90097C4C9 /* MOSettingMakerTableViewCell.xib in Resources */ = {isa = PBXBuildFile; fileRef = 7F8D98B318E0A8E90097C4C9 /* MOSettingMakerTableViewCell.xib */; };
		7F8D98B918E0B0A40097C4C9 /* MOSettingVersionTableViewCell.m in Sources */ = {isa = PBXBuildFile; fileRef = 7F8D98B718E0B0A40097C4C9 /* MOSettingVersionTableViewCell.m */; };
		7F8D98BA18E0B0A40097C4C9 /* MOSettingVersionTableViewCell.xib in Resources */ = {isa = PBXBuildFile; fileRef = 7F8D98B818E0B0A40097C4C9 /* MOSettingVersionTableViewCell.xib */; };
		7FC6E50418E13A7200213727 /* libGoogleAnalyticsServices.a in Frameworks */ = {isa = PBXBuildFile; fileRef = 7FC6E50318E13A7200213727 /* libGoogleAnalyticsServices.a */; };
		7FC6E50618E13A9200213727 /* CoreData.framework in Frameworks */ = {isa = PBXBuildFile; fileRef = 7FC6E50518E13A9200213727 /* CoreData.framework */; };
		7FC6E50818E13A9A00213727 /* AdSupport.framework in Frameworks */ = {isa = PBXBuildFile; fileRef = 7FC6E50718E13A9A00213727 /* AdSupport.framework */; };
		7FC6E50A18E13AA800213727 /* SystemConfiguration.framework in Frameworks */ = {isa = PBXBuildFile; fileRef = 7FC6E50918E13AA800213727 /* SystemConfiguration.framework */; };
		7FC6E50C18E13AB700213727 /* libz.dylib in Frameworks */ = {isa = PBXBuildFile; fileRef = 7FC6E50B18E13AB700213727 /* libz.dylib */; };
		7FE3247518DF4445006AAE3B /* MOSettingViewController.m in Sources */ = {isa = PBXBuildFile; fileRef = 7FE3247418DF4445006AAE3B /* MOSettingViewController.m */; };
		7FE7C8D818DB18A8001B8C5D /* Foundation.framework in Frameworks */ = {isa = PBXBuildFile; fileRef = 7FE7C8D718DB18A8001B8C5D /* Foundation.framework */; };
		7FE7C8DA18DB18A8001B8C5D /* CoreGraphics.framework in Frameworks */ = {isa = PBXBuildFile; fileRef = 7FE7C8D918DB18A8001B8C5D /* CoreGraphics.framework */; };
		7FE7C8DC18DB18A8001B8C5D /* UIKit.framework in Frameworks */ = {isa = PBXBuildFile; fileRef = 7FE7C8DB18DB18A8001B8C5D /* UIKit.framework */; };
		7FE7C8E218DB18A8001B8C5D /* InfoPlist.strings in Resources */ = {isa = PBXBuildFile; fileRef = 7FE7C8E018DB18A8001B8C5D /* InfoPlist.strings */; };
		7FE7C8E418DB18A8001B8C5D /* main.m in Sources */ = {isa = PBXBuildFile; fileRef = 7FE7C8E318DB18A8001B8C5D /* main.m */; };
		7FE7C8E818DB18A8001B8C5D /* MOAppDelegate.m in Sources */ = {isa = PBXBuildFile; fileRef = 7FE7C8E718DB18A8001B8C5D /* MOAppDelegate.m */; };
		7FE7C8EB18DB18A8001B8C5D /* Main.storyboard in Resources */ = {isa = PBXBuildFile; fileRef = 7FE7C8E918DB18A8001B8C5D /* Main.storyboard */; };
		7FE7C8EE18DB18A8001B8C5D /* MOViewController.m in Sources */ = {isa = PBXBuildFile; fileRef = 7FE7C8ED18DB18A8001B8C5D /* MOViewController.m */; };
		7FE7C8F018DB18A8001B8C5D /* Images.xcassets in Resources */ = {isa = PBXBuildFile; fileRef = 7FE7C8EF18DB18A8001B8C5D /* Images.xcassets */; };
		7FE7C8F718DB18A8001B8C5D /* XCTest.framework in Frameworks */ = {isa = PBXBuildFile; fileRef = 7FE7C8F618DB18A8001B8C5D /* XCTest.framework */; };
		7FE7C8F818DB18A8001B8C5D /* Foundation.framework in Frameworks */ = {isa = PBXBuildFile; fileRef = 7FE7C8D718DB18A8001B8C5D /* Foundation.framework */; };
		7FE7C8F918DB18A8001B8C5D /* UIKit.framework in Frameworks */ = {isa = PBXBuildFile; fileRef = 7FE7C8DB18DB18A8001B8C5D /* UIKit.framework */; };
		7FE7C90118DB18A8001B8C5D /* InfoPlist.strings in Resources */ = {isa = PBXBuildFile; fileRef = 7FE7C8FF18DB18A8001B8C5D /* InfoPlist.strings */; };
		7FE7C90318DB18A8001B8C5D /* DigitClockTests.m in Sources */ = {isa = PBXBuildFile; fileRef = 7FE7C90218DB18A8001B8C5D /* DigitClockTests.m */; };
		DFE7E86B18E3AD9600DFE5C7 /* MOGAIEvent.m in Sources */ = {isa = PBXBuildFile; fileRef = DFE7E86A18E3AD9600DFE5C7 /* MOGAIEvent.m */; };
		DFE7E86E18E3AE1500DFE5C7 /* MOGAIInitBGEvent.m in Sources */ = {isa = PBXBuildFile; fileRef = DFE7E86D18E3AE1500DFE5C7 /* MOGAIInitBGEvent.m */; };
		DFE7E87118E3AE5900DFE5C7 /* MOGAIChangeBGEvent.m in Sources */ = {isa = PBXBuildFile; fileRef = DFE7E87018E3AE5900DFE5C7 /* MOGAIChangeBGEvent.m */; };
		DFE7E87418E3B0C200DFE5C7 /* MOGAIHeartBeatEvent.m in Sources */ = {isa = PBXBuildFile; fileRef = DFE7E87318E3B0C200DFE5C7 /* MOGAIHeartBeatEvent.m */; };
/* End PBXBuildFile section */

/* Begin PBXContainerItemProxy section */
		7FE7C8FA18DB18A8001B8C5D /* PBXContainerItemProxy */ = {
			isa = PBXContainerItemProxy;
			containerPortal = 7FE7C8CC18DB18A8001B8C5D /* Project object */;
			proxyType = 1;
			remoteGlobalIDString = 7FE7C8D318DB18A8001B8C5D;
			remoteInfo = DigitClock;
		};
/* End PBXContainerItemProxy section */

/* Begin PBXFileReference section */
		7F39563F18DB264300C963C9 /* QuartzCore.framework */ = {isa = PBXFileReference; lastKnownFileType = wrapper.framework; name = QuartzCore.framework; path = System/Library/Frameworks/QuartzCore.framework; sourceTree = SDKROOT; };
		7F6401FB18DF621D00DF677A /* MOSettingColorThemeCell.h */ = {isa = PBXFileReference; fileEncoding = 4; lastKnownFileType = sourcecode.c.h; path = MOSettingColorThemeCell.h; sourceTree = "<group>"; };
		7F6401FC18DF621D00DF677A /* MOSettingColorThemeCell.m */ = {isa = PBXFileReference; fileEncoding = 4; lastKnownFileType = sourcecode.c.objc; path = MOSettingColorThemeCell.m; sourceTree = "<group>"; };
		7F6401FE18DF626500DF677A /* MOSettingColorThemeCell.xib */ = {isa = PBXFileReference; fileEncoding = 4; lastKnownFileType = file.xib; path = MOSettingColorThemeCell.xib; sourceTree = "<group>"; };
		7F8D98AB18DFF6790097C4C9 /* MONavigationSettingViewController.h */ = {isa = PBXFileReference; fileEncoding = 4; lastKnownFileType = sourcecode.c.h; path = MONavigationSettingViewController.h; sourceTree = "<group>"; };
		7F8D98AC18DFF6790097C4C9 /* MONavigationSettingViewController.m */ = {isa = PBXFileReference; fileEncoding = 4; lastKnownFileType = sourcecode.c.objc; path = MONavigationSettingViewController.m; sourceTree = "<group>"; };
		7F8D98AE18E0936A0097C4C9 /* MOBackgroundColor.h */ = {isa = PBXFileReference; fileEncoding = 4; lastKnownFileType = sourcecode.c.h; path = MOBackgroundColor.h; sourceTree = "<group>"; };
		7F8D98AF18E0936A0097C4C9 /* MOBackgroundColor.m */ = {isa = PBXFileReference; fileEncoding = 4; lastKnownFileType = sourcecode.c.objc; path = MOBackgroundColor.m; sourceTree = "<group>"; };
		7F8D98B118E0A8E90097C4C9 /* MOSettingMakerTableViewCell.h */ = {isa = PBXFileReference; fileEncoding = 4; lastKnownFileType = sourcecode.c.h; path = MOSettingMakerTableViewCell.h; sourceTree = "<group>"; };
		7F8D98B218E0A8E90097C4C9 /* MOSettingMakerTableViewCell.m */ = {isa = PBXFileReference; fileEncoding = 4; lastKnownFileType = sourcecode.c.objc; path = MOSettingMakerTableViewCell.m; sourceTree = "<group>"; };
		7F8D98B318E0A8E90097C4C9 /* MOSettingMakerTableViewCell.xib */ = {isa = PBXFileReference; fileEncoding = 4; lastKnownFileType = file.xib; path = MOSettingMakerTableViewCell.xib; sourceTree = "<group>"; };
		7F8D98B618E0B0A40097C4C9 /* MOSettingVersionTableViewCell.h */ = {isa = PBXFileReference; fileEncoding = 4; lastKnownFileType = sourcecode.c.h; path = MOSettingVersionTableViewCell.h; sourceTree = "<group>"; };
		7F8D98B718E0B0A40097C4C9 /* MOSettingVersionTableViewCell.m */ = {isa = PBXFileReference; fileEncoding = 4; lastKnownFileType = sourcecode.c.objc; path = MOSettingVersionTableViewCell.m; sourceTree = "<group>"; };
		7F8D98B818E0B0A40097C4C9 /* MOSettingVersionTableViewCell.xib */ = {isa = PBXFileReference; fileEncoding = 4; lastKnownFileType = file.xib; path = MOSettingVersionTableViewCell.xib; sourceTree = "<group>"; };
		7FC6E4FD18E13A6400213727 /* GAI.h */ = {isa = PBXFileReference; lastKnownFileType = sourcecode.c.h; path = GAI.h; sourceTree = "<group>"; };
		7FC6E4FE18E13A6400213727 /* GAIDictionaryBuilder.h */ = {isa = PBXFileReference; lastKnownFileType = sourcecode.c.h; path = GAIDictionaryBuilder.h; sourceTree = "<group>"; };
		7FC6E4FF18E13A6400213727 /* GAIFields.h */ = {isa = PBXFileReference; lastKnownFileType = sourcecode.c.h; path = GAIFields.h; sourceTree = "<group>"; };
		7FC6E50018E13A6400213727 /* GAILogger.h */ = {isa = PBXFileReference; lastKnownFileType = sourcecode.c.h; path = GAILogger.h; sourceTree = "<group>"; };
		7FC6E50118E13A6400213727 /* GAITrackedViewController.h */ = {isa = PBXFileReference; lastKnownFileType = sourcecode.c.h; path = GAITrackedViewController.h; sourceTree = "<group>"; };
		7FC6E50218E13A6400213727 /* GAITracker.h */ = {isa = PBXFileReference; lastKnownFileType = sourcecode.c.h; path = GAITracker.h; sourceTree = "<group>"; };
		7FC6E50318E13A7200213727 /* libGoogleAnalyticsServices.a */ = {isa = PBXFileReference; lastKnownFileType = archive.ar; path = libGoogleAnalyticsServices.a; sourceTree = "<group>"; };
		7FC6E50518E13A9200213727 /* CoreData.framework */ = {isa = PBXFileReference; lastKnownFileType = wrapper.framework; name = CoreData.framework; path = System/Library/Frameworks/CoreData.framework; sourceTree = SDKROOT; };
		7FC6E50718E13A9A00213727 /* AdSupport.framework */ = {isa = PBXFileReference; lastKnownFileType = wrapper.framework; name = AdSupport.framework; path = System/Library/Frameworks/AdSupport.framework; sourceTree = SDKROOT; };
		7FC6E50918E13AA800213727 /* SystemConfiguration.framework */ = {isa = PBXFileReference; lastKnownFileType = wrapper.framework; name = SystemConfiguration.framework; path = System/Library/Frameworks/SystemConfiguration.framework; sourceTree = SDKROOT; };
		7FC6E50B18E13AB700213727 /* libz.dylib */ = {isa = PBXFileReference; lastKnownFileType = "compiled.mach-o.dylib"; name = libz.dylib; path = usr/lib/libz.dylib; sourceTree = SDKROOT; };
		7FE3247318DF4445006AAE3B /* MOSettingViewController.h */ = {isa = PBXFileReference; fileEncoding = 4; lastKnownFileType = sourcecode.c.h; path = MOSettingViewController.h; sourceTree = "<group>"; };
		7FE3247418DF4445006AAE3B /* MOSettingViewController.m */ = {isa = PBXFileReference; fileEncoding = 4; lastKnownFileType = sourcecode.c.objc; path = MOSettingViewController.m; sourceTree = "<group>"; };
		7FE7C8D418DB18A8001B8C5D /* DigitClock.app */ = {isa = PBXFileReference; explicitFileType = wrapper.application; includeInIndex = 0; path = DigitClock.app; sourceTree = BUILT_PRODUCTS_DIR; };
		7FE7C8D718DB18A8001B8C5D /* Foundation.framework */ = {isa = PBXFileReference; lastKnownFileType = wrapper.framework; name = Foundation.framework; path = System/Library/Frameworks/Foundation.framework; sourceTree = SDKROOT; };
		7FE7C8D918DB18A8001B8C5D /* CoreGraphics.framework */ = {isa = PBXFileReference; lastKnownFileType = wrapper.framework; name = CoreGraphics.framework; path = System/Library/Frameworks/CoreGraphics.framework; sourceTree = SDKROOT; };
		7FE7C8DB18DB18A8001B8C5D /* UIKit.framework */ = {isa = PBXFileReference; lastKnownFileType = wrapper.framework; name = UIKit.framework; path = System/Library/Frameworks/UIKit.framework; sourceTree = SDKROOT; };
		7FE7C8DF18DB18A8001B8C5D /* DigitClock-Info.plist */ = {isa = PBXFileReference; lastKnownFileType = text.plist.xml; path = "DigitClock-Info.plist"; sourceTree = "<group>"; };
		7FE7C8E118DB18A8001B8C5D /* en */ = {isa = PBXFileReference; lastKnownFileType = text.plist.strings; name = en; path = en.lproj/InfoPlist.strings; sourceTree = "<group>"; };
		7FE7C8E318DB18A8001B8C5D /* main.m */ = {isa = PBXFileReference; lastKnownFileType = sourcecode.c.objc; path = main.m; sourceTree = "<group>"; };
		7FE7C8E518DB18A8001B8C5D /* DigitClock-Prefix.pch */ = {isa = PBXFileReference; lastKnownFileType = sourcecode.c.h; path = "DigitClock-Prefix.pch"; sourceTree = "<group>"; };
		7FE7C8E618DB18A8001B8C5D /* MOAppDelegate.h */ = {isa = PBXFileReference; lastKnownFileType = sourcecode.c.h; path = MOAppDelegate.h; sourceTree = "<group>"; };
		7FE7C8E718DB18A8001B8C5D /* MOAppDelegate.m */ = {isa = PBXFileReference; lastKnownFileType = sourcecode.c.objc; path = MOAppDelegate.m; sourceTree = "<group>"; };
		7FE7C8EA18DB18A8001B8C5D /* Base */ = {isa = PBXFileReference; lastKnownFileType = file.storyboard; name = Base; path = Base.lproj/Main.storyboard; sourceTree = "<group>"; };
		7FE7C8EC18DB18A8001B8C5D /* MOViewController.h */ = {isa = PBXFileReference; lastKnownFileType = sourcecode.c.h; path = MOViewController.h; sourceTree = "<group>"; };
		7FE7C8ED18DB18A8001B8C5D /* MOViewController.m */ = {isa = PBXFileReference; lastKnownFileType = sourcecode.c.objc; path = MOViewController.m; sourceTree = "<group>"; };
		7FE7C8EF18DB18A8001B8C5D /* Images.xcassets */ = {isa = PBXFileReference; lastKnownFileType = folder.assetcatalog; path = Images.xcassets; sourceTree = "<group>"; };
		7FE7C8F518DB18A8001B8C5D /* DigitClockTests.xctest */ = {isa = PBXFileReference; explicitFileType = wrapper.cfbundle; includeInIndex = 0; path = DigitClockTests.xctest; sourceTree = BUILT_PRODUCTS_DIR; };
		7FE7C8F618DB18A8001B8C5D /* XCTest.framework */ = {isa = PBXFileReference; lastKnownFileType = wrapper.framework; name = XCTest.framework; path = Library/Frameworks/XCTest.framework; sourceTree = DEVELOPER_DIR; };
		7FE7C8FE18DB18A8001B8C5D /* DigitClockTests-Info.plist */ = {isa = PBXFileReference; lastKnownFileType = text.plist.xml; path = "DigitClockTests-Info.plist"; sourceTree = "<group>"; };
		7FE7C90018DB18A8001B8C5D /* en */ = {isa = PBXFileReference; lastKnownFileType = text.plist.strings; name = en; path = en.lproj/InfoPlist.strings; sourceTree = "<group>"; };
		7FE7C90218DB18A8001B8C5D /* DigitClockTests.m */ = {isa = PBXFileReference; lastKnownFileType = sourcecode.c.objc; path = DigitClockTests.m; sourceTree = "<group>"; };
		7FF801E318E2679100B99D6C /* ko */ = {isa = PBXFileReference; lastKnownFileType = text.plist.strings; name = ko; path = ko.lproj/Main.strings; sourceTree = "<group>"; };
		7FF801E418E2679100B99D6C /* ko */ = {isa = PBXFileReference; lastKnownFileType = text.plist.strings; name = ko; path = ko.lproj/InfoPlist.strings; sourceTree = "<group>"; };
		7FF801E518E2679100B99D6C /* ko */ = {isa = PBXFileReference; lastKnownFileType = text.plist.strings; name = ko; path = ko.lproj/InfoPlist.strings; sourceTree = "<group>"; };
		7FF801E618E267A100B99D6C /* fr */ = {isa = PBXFileReference; lastKnownFileType = text.plist.strings; name = fr; path = fr.lproj/Main.strings; sourceTree = "<group>"; };
		7FF801E718E267A100B99D6C /* fr */ = {isa = PBXFileReference; lastKnownFileType = text.plist.strings; name = fr; path = fr.lproj/InfoPlist.strings; sourceTree = "<group>"; };
		7FF801E818E267A100B99D6C /* fr */ = {isa = PBXFileReference; lastKnownFileType = text.plist.strings; name = fr; path = fr.lproj/InfoPlist.strings; sourceTree = "<group>"; };
		85C7E8962564492BA15E09B9 /* libPods.a */ = {isa = PBXFileReference; explicitFileType = archive.ar; includeInIndex = 0; path = libPods.a; sourceTree = BUILT_PRODUCTS_DIR; };
		9F068A1C87734F1FBFA2AB04 /* Pods.xcconfig */ = {isa = PBXFileReference; includeInIndex = 1; lastKnownFileType = text.xcconfig; name = Pods.xcconfig; path = Pods/Pods.xcconfig; sourceTree = "<group>"; };
		DFE7E86918E3AD9600DFE5C7 /* MOGAIEvent.h */ = {isa = PBXFileReference; fileEncoding = 4; lastKnownFileType = sourcecode.c.h; path = MOGAIEvent.h; sourceTree = "<group>"; };
		DFE7E86A18E3AD9600DFE5C7 /* MOGAIEvent.m */ = {isa = PBXFileReference; fileEncoding = 4; lastKnownFileType = sourcecode.c.objc; path = MOGAIEvent.m; sourceTree = "<group>"; };
		DFE7E86C18E3AE1500DFE5C7 /* MOGAIInitBGEvent.h */ = {isa = PBXFileReference; fileEncoding = 4; lastKnownFileType = sourcecode.c.h; path = MOGAIInitBGEvent.h; sourceTree = "<group>"; };
		DFE7E86D18E3AE1500DFE5C7 /* MOGAIInitBGEvent.m */ = {isa = PBXFileReference; fileEncoding = 4; lastKnownFileType = sourcecode.c.objc; path = MOGAIInitBGEvent.m; sourceTree = "<group>"; };
		DFE7E86F18E3AE5900DFE5C7 /* MOGAIChangeBGEvent.h */ = {isa = PBXFileReference; fileEncoding = 4; lastKnownFileType = sourcecode.c.h; path = MOGAIChangeBGEvent.h; sourceTree = "<group>"; };
		DFE7E87018E3AE5900DFE5C7 /* MOGAIChangeBGEvent.m */ = {isa = PBXFileReference; fileEncoding = 4; lastKnownFileType = sourcecode.c.objc; path = MOGAIChangeBGEvent.m; sourceTree = "<group>"; };
		DFE7E87218E3B0C200DFE5C7 /* MOGAIHeartBeatEvent.h */ = {isa = PBXFileReference; fileEncoding = 4; lastKnownFileType = sourcecode.c.h; path = MOGAIHeartBeatEvent.h; sourceTree = "<group>"; };
		DFE7E87318E3B0C200DFE5C7 /* MOGAIHeartBeatEvent.m */ = {isa = PBXFileReference; fileEncoding = 4; lastKnownFileType = sourcecode.c.objc; path = MOGAIHeartBeatEvent.m; sourceTree = "<group>"; };
/* End PBXFileReference section */

/* Begin PBXFrameworksBuildPhase section */
		7FE7C8D118DB18A8001B8C5D /* Frameworks */ = {
			isa = PBXFrameworksBuildPhase;
			buildActionMask = 2147483647;
			files = (
				7FC6E50C18E13AB700213727 /* libz.dylib in Frameworks */,
				7FC6E50A18E13AA800213727 /* SystemConfiguration.framework in Frameworks */,
				7FC6E50818E13A9A00213727 /* AdSupport.framework in Frameworks */,
				7FC6E50618E13A9200213727 /* CoreData.framework in Frameworks */,
				7FE7C8DA18DB18A8001B8C5D /* CoreGraphics.framework in Frameworks */,
				7FE7C8DC18DB18A8001B8C5D /* UIKit.framework in Frameworks */,
				7FE7C8D818DB18A8001B8C5D /* Foundation.framework in Frameworks */,
				7FC6E50418E13A7200213727 /* libGoogleAnalyticsServices.a in Frameworks */,
				2B6FC9C759264B2B91F457F9 /* libPods.a in Frameworks */,
			);
			runOnlyForDeploymentPostprocessing = 0;
		};
		7FE7C8F218DB18A8001B8C5D /* Frameworks */ = {
			isa = PBXFrameworksBuildPhase;
			buildActionMask = 2147483647;
			files = (
				7FE7C8F718DB18A8001B8C5D /* XCTest.framework in Frameworks */,
				7FE7C8F918DB18A8001B8C5D /* UIKit.framework in Frameworks */,
				7FE7C8F818DB18A8001B8C5D /* Foundation.framework in Frameworks */,
			);
			runOnlyForDeploymentPostprocessing = 0;
		};
/* End PBXFrameworksBuildPhase section */

/* Begin PBXGroup section */
		7F8D98BB18E100F90097C4C9 /* SettingCell */ = {
			isa = PBXGroup;
			children = (
				7F6401FB18DF621D00DF677A /* MOSettingColorThemeCell.h */,
				7F6401FC18DF621D00DF677A /* MOSettingColorThemeCell.m */,
				7F6401FE18DF626500DF677A /* MOSettingColorThemeCell.xib */,
				7F8D98B118E0A8E90097C4C9 /* MOSettingMakerTableViewCell.h */,
				7F8D98B218E0A8E90097C4C9 /* MOSettingMakerTableViewCell.m */,
				7F8D98B318E0A8E90097C4C9 /* MOSettingMakerTableViewCell.xib */,
				7F8D98B618E0B0A40097C4C9 /* MOSettingVersionTableViewCell.h */,
				7F8D98B718E0B0A40097C4C9 /* MOSettingVersionTableViewCell.m */,
				7F8D98B818E0B0A40097C4C9 /* MOSettingVersionTableViewCell.xib */,
			);
			name = SettingCell;
			sourceTree = "<group>";
		};
		7F8D98BC18E1010F0097C4C9 /* Setting */ = {
			isa = PBXGroup;
			children = (
				7F8D98BB18E100F90097C4C9 /* SettingCell */,
				7FE3247318DF4445006AAE3B /* MOSettingViewController.h */,
				7FE3247418DF4445006AAE3B /* MOSettingViewController.m */,
				7F8D98AB18DFF6790097C4C9 /* MONavigationSettingViewController.h */,
				7F8D98AC18DFF6790097C4C9 /* MONavigationSettingViewController.m */,
			);
			name = Setting;
			sourceTree = "<group>";
		};
		7F8D98BD18E1013D0097C4C9 /* Color */ = {
			isa = PBXGroup;
			children = (
				7F8D98AE18E0936A0097C4C9 /* MOBackgroundColor.h */,
				7F8D98AF18E0936A0097C4C9 /* MOBackgroundColor.m */,
			);
			name = Color;
			sourceTree = "<group>";
		};
		7FC6E4FC18E13A1E00213727 /* Google Analytics Library */ = {
			isa = PBXGroup;
			children = (
				7FC6E50318E13A7200213727 /* libGoogleAnalyticsServices.a */,
				7FC6E4FD18E13A6400213727 /* GAI.h */,
				7FC6E4FE18E13A6400213727 /* GAIDictionaryBuilder.h */,
				7FC6E4FF18E13A6400213727 /* GAIFields.h */,
				7FC6E50018E13A6400213727 /* GAILogger.h */,
				7FC6E50118E13A6400213727 /* GAITrackedViewController.h */,
				7FC6E50218E13A6400213727 /* GAITracker.h */,
			);
			name = "Google Analytics Library";
			sourceTree = "<group>";
		};
		7FE7C8CB18DB18A8001B8C5D = {
			isa = PBXGroup;
			children = (
				7FE7C8DD18DB18A8001B8C5D /* DigitClock */,
				7FE7C8FC18DB18A8001B8C5D /* DigitClockTests */,
				7FE7C8D618DB18A8001B8C5D /* Frameworks */,
				7FE7C8D518DB18A8001B8C5D /* Products */,
				9F068A1C87734F1FBFA2AB04 /* Pods.xcconfig */,
			);
			sourceTree = "<group>";
		};
		7FE7C8D518DB18A8001B8C5D /* Products */ = {
			isa = PBXGroup;
			children = (
				7FE7C8D418DB18A8001B8C5D /* DigitClock.app */,
				7FE7C8F518DB18A8001B8C5D /* DigitClockTests.xctest */,
			);
			name = Products;
			sourceTree = "<group>";
		};
		7FE7C8D618DB18A8001B8C5D /* Frameworks */ = {
			isa = PBXGroup;
			children = (
				7FC6E50B18E13AB700213727 /* libz.dylib */,
				7FC6E50918E13AA800213727 /* SystemConfiguration.framework */,
				7FC6E50718E13A9A00213727 /* AdSupport.framework */,
				7FC6E50518E13A9200213727 /* CoreData.framework */,
				7F39563F18DB264300C963C9 /* QuartzCore.framework */,
				7FE7C8D718DB18A8001B8C5D /* Foundation.framework */,
				7FE7C8D918DB18A8001B8C5D /* CoreGraphics.framework */,
				7FE7C8DB18DB18A8001B8C5D /* UIKit.framework */,
				7FE7C8F618DB18A8001B8C5D /* XCTest.framework */,
				85C7E8962564492BA15E09B9 /* libPods.a */,
			);
			name = Frameworks;
			sourceTree = "<group>";
		};
		7FE7C8DD18DB18A8001B8C5D /* DigitClock */ = {
			isa = PBXGroup;
			children = (
				DFE7E86818E3AD7400DFE5C7 /* GAIStatus */,
				7F8D98BC18E1010F0097C4C9 /* Setting */,
				7F8D98BD18E1013D0097C4C9 /* Color */,
				7FC6E4FC18E13A1E00213727 /* Google Analytics Library */,
				7FE7C8E618DB18A8001B8C5D /* MOAppDelegate.h */,
				7FE7C8E718DB18A8001B8C5D /* MOAppDelegate.m */,
				7FE7C8EC18DB18A8001B8C5D /* MOViewController.h */,
				7FE7C8ED18DB18A8001B8C5D /* MOViewController.m */,
				7FE7C8EF18DB18A8001B8C5D /* Images.xcassets */,
				7FE7C8DE18DB18A8001B8C5D /* Supporting Files */,
			);
			path = DigitClock;
			sourceTree = "<group>";
		};
		7FE7C8DE18DB18A8001B8C5D /* Supporting Files */ = {
			isa = PBXGroup;
			children = (
				7FE7C8E918DB18A8001B8C5D /* Main.storyboard */,
				7FE7C8DF18DB18A8001B8C5D /* DigitClock-Info.plist */,
				7FE7C8E018DB18A8001B8C5D /* InfoPlist.strings */,
				7FE7C8E318DB18A8001B8C5D /* main.m */,
				7FE7C8E518DB18A8001B8C5D /* DigitClock-Prefix.pch */,
			);
			name = "Supporting Files";
			sourceTree = "<group>";
		};
		7FE7C8FC18DB18A8001B8C5D /* DigitClockTests */ = {
			isa = PBXGroup;
			children = (
				7FE7C90218DB18A8001B8C5D /* DigitClockTests.m */,
				7FE7C8FD18DB18A8001B8C5D /* Supporting Files */,
			);
			path = DigitClockTests;
			sourceTree = "<group>";
		};
		7FE7C8FD18DB18A8001B8C5D /* Supporting Files */ = {
			isa = PBXGroup;
			children = (
				7FE7C8FE18DB18A8001B8C5D /* DigitClockTests-Info.plist */,
				7FE7C8FF18DB18A8001B8C5D /* InfoPlist.strings */,
			);
			name = "Supporting Files";
			sourceTree = "<group>";
		};
		DFE7E86818E3AD7400DFE5C7 /* GAIStatus */ = {
			isa = PBXGroup;
			children = (
				DFE7E86918E3AD9600DFE5C7 /* MOGAIEvent.h */,
				DFE7E86A18E3AD9600DFE5C7 /* MOGAIEvent.m */,
				DFE7E87218E3B0C200DFE5C7 /* MOGAIHeartBeatEvent.h */,
				DFE7E87318E3B0C200DFE5C7 /* MOGAIHeartBeatEvent.m */,
				DFE7E86C18E3AE1500DFE5C7 /* MOGAIInitBGEvent.h */,
				DFE7E86D18E3AE1500DFE5C7 /* MOGAIInitBGEvent.m */,
				DFE7E86F18E3AE5900DFE5C7 /* MOGAIChangeBGEvent.h */,
				DFE7E87018E3AE5900DFE5C7 /* MOGAIChangeBGEvent.m */,
			);
			name = GAIStatus;
			sourceTree = "<group>";
		};
/* End PBXGroup section */

/* Begin PBXNativeTarget section */
		7FE7C8D318DB18A8001B8C5D /* DigitClock */ = {
			isa = PBXNativeTarget;
			buildConfigurationList = 7FE7C90618DB18A8001B8C5D /* Build configuration list for PBXNativeTarget "DigitClock" */;
			buildPhases = (
				22C494E4E9CB4E388043D3DF /* Check Pods Manifest.lock */,
				7FE7C8D018DB18A8001B8C5D /* Sources */,
				7FE7C8D118DB18A8001B8C5D /* Frameworks */,
				7FE7C8D218DB18A8001B8C5D /* Resources */,
				279EC033E9884956807929B5 /* Copy Pods Resources */,
			);
			buildRules = (
			);
			dependencies = (
			);
			name = DigitClock;
			productName = DigitClock;
			productReference = 7FE7C8D418DB18A8001B8C5D /* DigitClock.app */;
			productType = "com.apple.product-type.application";
		};
		7FE7C8F418DB18A8001B8C5D /* DigitClockTests */ = {
			isa = PBXNativeTarget;
			buildConfigurationList = 7FE7C90918DB18A8001B8C5D /* Build configuration list for PBXNativeTarget "DigitClockTests" */;
			buildPhases = (
				7FE7C8F118DB18A8001B8C5D /* Sources */,
				7FE7C8F218DB18A8001B8C5D /* Frameworks */,
				7FE7C8F318DB18A8001B8C5D /* Resources */,
			);
			buildRules = (
			);
			dependencies = (
				7FE7C8FB18DB18A8001B8C5D /* PBXTargetDependency */,
			);
			name = DigitClockTests;
			productName = DigitClockTests;
			productReference = 7FE7C8F518DB18A8001B8C5D /* DigitClockTests.xctest */;
			productType = "com.apple.product-type.bundle.unit-test";
		};
/* End PBXNativeTarget section */

/* Begin PBXProject section */
		7FE7C8CC18DB18A8001B8C5D /* Project object */ = {
			isa = PBXProject;
			attributes = {
				CLASSPREFIX = MO;
				LastUpgradeCheck = 0500;
				ORGANIZATIONNAME = minsOne;
				TargetAttributes = {
					7FE7C8D318DB18A8001B8C5D = {
						DevelopmentTeam = 6794ZU679A;
					};
					7FE7C8F418DB18A8001B8C5D = {
						TestTargetID = 7FE7C8D318DB18A8001B8C5D;
					};
				};
			};
			buildConfigurationList = 7FE7C8CF18DB18A8001B8C5D /* Build configuration list for PBXProject "DigitClock" */;
			compatibilityVersion = "Xcode 3.2";
			developmentRegion = English;
			hasScannedForEncodings = 0;
			knownRegions = (
				en,
				Base,
				ko,
				fr,
			);
			mainGroup = 7FE7C8CB18DB18A8001B8C5D;
			productRefGroup = 7FE7C8D518DB18A8001B8C5D /* Products */;
			projectDirPath = "";
			projectRoot = "";
			targets = (
				7FE7C8D318DB18A8001B8C5D /* DigitClock */,
				7FE7C8F418DB18A8001B8C5D /* DigitClockTests */,
			);
		};
/* End PBXProject section */

/* Begin PBXResourcesBuildPhase section */
		7FE7C8D218DB18A8001B8C5D /* Resources */ = {
			isa = PBXResourcesBuildPhase;
			buildActionMask = 2147483647;
			files = (
				7F6401FF18DF626500DF677A /* MOSettingColorThemeCell.xib in Resources */,
				7F8D98BA18E0B0A40097C4C9 /* MOSettingVersionTableViewCell.xib in Resources */,
				7FE7C8F018DB18A8001B8C5D /* Images.xcassets in Resources */,
				7F8D98B518E0A8E90097C4C9 /* MOSettingMakerTableViewCell.xib in Resources */,
				7FE7C8E218DB18A8001B8C5D /* InfoPlist.strings in Resources */,
				7FE7C8EB18DB18A8001B8C5D /* Main.storyboard in Resources */,
			);
			runOnlyForDeploymentPostprocessing = 0;
		};
		7FE7C8F318DB18A8001B8C5D /* Resources */ = {
			isa = PBXResourcesBuildPhase;
			buildActionMask = 2147483647;
			files = (
				7FE7C90118DB18A8001B8C5D /* InfoPlist.strings in Resources */,
			);
			runOnlyForDeploymentPostprocessing = 0;
		};
/* End PBXResourcesBuildPhase section */

/* Begin PBXShellScriptBuildPhase section */
		22C494E4E9CB4E388043D3DF /* Check Pods Manifest.lock */ = {
			isa = PBXShellScriptBuildPhase;
			buildActionMask = 2147483647;
			files = (
			);
			inputPaths = (
			);
			name = "Check Pods Manifest.lock";
			outputPaths = (
			);
			runOnlyForDeploymentPostprocessing = 0;
			shellPath = /bin/sh;
			shellScript = "diff \"${PODS_ROOT}/../Podfile.lock\" \"${PODS_ROOT}/Manifest.lock\" > /dev/null\nif [[ $? != 0 ]] ; then\n    cat << EOM\nerror: The sandbox is not in sync with the Podfile.lock. Run 'pod install' or update your CocoaPods installation.\nEOM\n    exit 1\nfi\n";
			showEnvVarsInLog = 0;
		};
		279EC033E9884956807929B5 /* Copy Pods Resources */ = {
			isa = PBXShellScriptBuildPhase;
			buildActionMask = 2147483647;
			files = (
			);
			inputPaths = (
			);
			name = "Copy Pods Resources";
			outputPaths = (
			);
			runOnlyForDeploymentPostprocessing = 0;
			shellPath = /bin/sh;
			shellScript = "\"${SRCROOT}/Pods/Pods-resources.sh\"\n";
			showEnvVarsInLog = 0;
		};
/* End PBXShellScriptBuildPhase section */

/* Begin PBXSourcesBuildPhase section */
		7FE7C8D018DB18A8001B8C5D /* Sources */ = {
			isa = PBXSourcesBuildPhase;
			buildActionMask = 2147483647;
			files = (
				DFE7E87418E3B0C200DFE5C7 /* MOGAIHeartBeatEvent.m in Sources */,
				DFE7E86E18E3AE1500DFE5C7 /* MOGAIInitBGEvent.m in Sources */,
				7FE7C8E818DB18A8001B8C5D /* MOAppDelegate.m in Sources */,
				DFE7E87118E3AE5900DFE5C7 /* MOGAIChangeBGEvent.m in Sources */,
				7F6401FD18DF621D00DF677A /* MOSettingColorThemeCell.m in Sources */,
				7FE3247518DF4445006AAE3B /* MOSettingViewController.m in Sources */,
				7F8D98AD18DFF6790097C4C9 /* MONavigationSettingViewController.m in Sources */,
				7FE7C8EE18DB18A8001B8C5D /* MOViewController.m in Sources */,
				DFE7E86B18E3AD9600DFE5C7 /* MOGAIEvent.m in Sources */,
				7F8D98B918E0B0A40097C4C9 /* MOSettingVersionTableViewCell.m in Sources */,
				7F8D98B418E0A8E90097C4C9 /* MOSettingMakerTableViewCell.m in Sources */,
				7FE7C8E418DB18A8001B8C5D /* main.m in Sources */,
				7F8D98B018E0936A0097C4C9 /* MOBackgroundColor.m in Sources */,
			);
			runOnlyForDeploymentPostprocessing = 0;
		};
		7FE7C8F118DB18A8001B8C5D /* Sources */ = {
			isa = PBXSourcesBuildPhase;
			buildActionMask = 2147483647;
			files = (
				7FE7C90318DB18A8001B8C5D /* DigitClockTests.m in Sources */,
			);
			runOnlyForDeploymentPostprocessing = 0;
		};
/* End PBXSourcesBuildPhase section */

/* Begin PBXTargetDependency section */
		7FE7C8FB18DB18A8001B8C5D /* PBXTargetDependency */ = {
			isa = PBXTargetDependency;
			target = 7FE7C8D318DB18A8001B8C5D /* DigitClock */;
			targetProxy = 7FE7C8FA18DB18A8001B8C5D /* PBXContainerItemProxy */;
		};
/* End PBXTargetDependency section */

/* Begin PBXVariantGroup section */
		7FE7C8E018DB18A8001B8C5D /* InfoPlist.strings */ = {
			isa = PBXVariantGroup;
			children = (
				7FE7C8E118DB18A8001B8C5D /* en */,
				7FF801E418E2679100B99D6C /* ko */,
				7FF801E718E267A100B99D6C /* fr */,
			);
			name = InfoPlist.strings;
			sourceTree = "<group>";
		};
		7FE7C8E918DB18A8001B8C5D /* Main.storyboard */ = {
			isa = PBXVariantGroup;
			children = (
				7FE7C8EA18DB18A8001B8C5D /* Base */,
				7FF801E318E2679100B99D6C /* ko */,
				7FF801E618E267A100B99D6C /* fr */,
			);
			name = Main.storyboard;
			sourceTree = "<group>";
		};
		7FE7C8FF18DB18A8001B8C5D /* InfoPlist.strings */ = {
			isa = PBXVariantGroup;
			children = (
				7FE7C90018DB18A8001B8C5D /* en */,
				7FF801E518E2679100B99D6C /* ko */,
				7FF801E818E267A100B99D6C /* fr */,
			);
			name = InfoPlist.strings;
			sourceTree = "<group>";
		};
/* End PBXVariantGroup section */

/* Begin XCBuildConfiguration section */
		7FE7C90418DB18A8001B8C5D /* Debug */ = {
			isa = XCBuildConfiguration;
			buildSettings = {
				ALWAYS_SEARCH_USER_PATHS = NO;
				ARCHS = "$(ARCHS_STANDARD_INCLUDING_64_BIT)";
				CLANG_CXX_LANGUAGE_STANDARD = "gnu++0x";
				CLANG_CXX_LIBRARY = "libc++";
				CLANG_ENABLE_MODULES = YES;
				CLANG_ENABLE_OBJC_ARC = YES;
				CLANG_WARN_BOOL_CONVERSION = YES;
				CLANG_WARN_CONSTANT_CONVERSION = YES;
				CLANG_WARN_DIRECT_OBJC_ISA_USAGE = YES_ERROR;
				CLANG_WARN_EMPTY_BODY = YES;
				CLANG_WARN_ENUM_CONVERSION = YES;
				CLANG_WARN_INT_CONVERSION = YES;
				CLANG_WARN_OBJC_ROOT_CLASS = YES_ERROR;
				CLANG_WARN__DUPLICATE_METHOD_MATCH = YES;
				"CODE_SIGN_IDENTITY[sdk=iphoneos*]" = "iPhone Developer";
				COPY_PHASE_STRIP = NO;
				GCC_C_LANGUAGE_STANDARD = gnu99;
				GCC_DYNAMIC_NO_PIC = NO;
				GCC_OPTIMIZATION_LEVEL = 0;
				GCC_PREPROCESSOR_DEFINITIONS = (
					"DEBUG=1",
					"$(inherited)",
				);
				GCC_SYMBOLS_PRIVATE_EXTERN = NO;
				GCC_WARN_64_TO_32_BIT_CONVERSION = YES;
				GCC_WARN_ABOUT_RETURN_TYPE = YES_ERROR;
				GCC_WARN_UNDECLARED_SELECTOR = YES;
				GCC_WARN_UNINITIALIZED_AUTOS = YES;
				GCC_WARN_UNUSED_FUNCTION = YES;
				GCC_WARN_UNUSED_VARIABLE = YES;
				IPHONEOS_DEPLOYMENT_TARGET = 7.0;
				ONLY_ACTIVE_ARCH = YES;
				SDKROOT = iphoneos;
			};
			name = Debug;
		};
		7FE7C90518DB18A8001B8C5D /* Release */ = {
			isa = XCBuildConfiguration;
			buildSettings = {
				ALWAYS_SEARCH_USER_PATHS = NO;
				ARCHS = "$(ARCHS_STANDARD_INCLUDING_64_BIT)";
				CLANG_CXX_LANGUAGE_STANDARD = "gnu++0x";
				CLANG_CXX_LIBRARY = "libc++";
				CLANG_ENABLE_MODULES = YES;
				CLANG_ENABLE_OBJC_ARC = YES;
				CLANG_WARN_BOOL_CONVERSION = YES;
				CLANG_WARN_CONSTANT_CONVERSION = YES;
				CLANG_WARN_DIRECT_OBJC_ISA_USAGE = YES_ERROR;
				CLANG_WARN_EMPTY_BODY = YES;
				CLANG_WARN_ENUM_CONVERSION = YES;
				CLANG_WARN_INT_CONVERSION = YES;
				CLANG_WARN_OBJC_ROOT_CLASS = YES_ERROR;
				CLANG_WARN__DUPLICATE_METHOD_MATCH = YES;
				"CODE_SIGN_IDENTITY[sdk=iphoneos*]" = "iPhone Developer";
				COPY_PHASE_STRIP = YES;
				ENABLE_NS_ASSERTIONS = NO;
				GCC_C_LANGUAGE_STANDARD = gnu99;
				GCC_WARN_64_TO_32_BIT_CONVERSION = YES;
				GCC_WARN_ABOUT_RETURN_TYPE = YES_ERROR;
				GCC_WARN_UNDECLARED_SELECTOR = YES;
				GCC_WARN_UNINITIALIZED_AUTOS = YES;
				GCC_WARN_UNUSED_FUNCTION = YES;
				GCC_WARN_UNUSED_VARIABLE = YES;
				IPHONEOS_DEPLOYMENT_TARGET = 7.0;
				SDKROOT = iphoneos;
				VALIDATE_PRODUCT = YES;
			};
			name = Release;
		};
		7FE7C90718DB18A8001B8C5D /* Debug */ = {
			isa = XCBuildConfiguration;
			baseConfigurationReference = 9F068A1C87734F1FBFA2AB04 /* Pods.xcconfig */;
			buildSettings = {
				ASSETCATALOG_COMPILER_APPICON_NAME = AppIcon;
				ASSETCATALOG_COMPILER_LAUNCHIMAGE_NAME = LaunchImage;
				CODE_SIGN_IDENTITY = "iPhone Developer";
				GCC_PRECOMPILE_PREFIX_HEADER = YES;
				GCC_PREFIX_HEADER = "DigitClock/DigitClock-Prefix.pch";
				INFOPLIST_FILE = "DigitClock/DigitClock-Info.plist";
				LIBRARY_SEARCH_PATHS = (
					"$(inherited)",
					"$(PROJECT_DIR)/DigitClock",
				);
				PRODUCT_NAME = "$(TARGET_NAME)";
				WRAPPER_EXTENSION = app;
			};
			name = Debug;
		};
		7FE7C90818DB18A8001B8C5D /* Release */ = {
			isa = XCBuildConfiguration;
			baseConfigurationReference = 9F068A1C87734F1FBFA2AB04 /* Pods.xcconfig */;
			buildSettings = {
				ASSETCATALOG_COMPILER_APPICON_NAME = AppIcon;
				ASSETCATALOG_COMPILER_LAUNCHIMAGE_NAME = LaunchImage;
				CODE_SIGN_IDENTITY = "iPhone Developer";
				GCC_PRECOMPILE_PREFIX_HEADER = YES;
				GCC_PREFIX_HEADER = "DigitClock/DigitClock-Prefix.pch";
				INFOPLIST_FILE = "DigitClock/DigitClock-Info.plist";
				LIBRARY_SEARCH_PATHS = (
					"$(inherited)",
					"$(PROJECT_DIR)/DigitClock",
				);
				PRODUCT_NAME = "$(TARGET_NAME)";
				WRAPPER_EXTENSION = app;
			};
			name = Release;
		};
		7FE7C90A18DB18A8001B8C5D /* Debug */ = {
			isa = XCBuildConfiguration;
			buildSettings = {
				ARCHS = "$(ARCHS_STANDARD_INCLUDING_64_BIT)";
				BUNDLE_LOADER = "$(BUILT_PRODUCTS_DIR)/DigitClock.app/DigitClock";
				FRAMEWORK_SEARCH_PATHS = (
					"$(SDKROOT)/Developer/Library/Frameworks",
					"$(inherited)",
					"$(DEVELOPER_FRAMEWORKS_DIR)",
				);
				GCC_PRECOMPILE_PREFIX_HEADER = YES;
				GCC_PREFIX_HEADER = "DigitClock/DigitClock-Prefix.pch";
				GCC_PREPROCESSOR_DEFINITIONS = (
					"DEBUG=1",
					"$(inherited)",
				);
				INFOPLIST_FILE = "DigitClockTests/DigitClockTests-Info.plist";
				PRODUCT_NAME = "$(TARGET_NAME)";
				TEST_HOST = "$(BUNDLE_LOADER)";
				WRAPPER_EXTENSION = xctest;
			};
			name = Debug;
		};
		7FE7C90B18DB18A8001B8C5D /* Release */ = {
			isa = XCBuildConfiguration;
			buildSettings = {
				ARCHS = "$(ARCHS_STANDARD_INCLUDING_64_BIT)";
				BUNDLE_LOADER = "$(BUILT_PRODUCTS_DIR)/DigitClock.app/DigitClock";
				FRAMEWORK_SEARCH_PATHS = (
					"$(SDKROOT)/Developer/Library/Frameworks",
					"$(inherited)",
					"$(DEVELOPER_FRAMEWORKS_DIR)",
				);
				GCC_PRECOMPILE_PREFIX_HEADER = YES;
				GCC_PREFIX_HEADER = "DigitClock/DigitClock-Prefix.pch";
				INFOPLIST_FILE = "DigitClockTests/DigitClockTests-Info.plist";
				PRODUCT_NAME = "$(TARGET_NAME)";
				TEST_HOST = "$(BUNDLE_LOADER)";
				WRAPPER_EXTENSION = xctest;
			};
			name = Release;
		};
/* End XCBuildConfiguration section */

/* Begin XCConfigurationList section */
		7FE7C8CF18DB18A8001B8C5D /* Build configuration list for PBXProject "DigitClock" */ = {
			isa = XCConfigurationList;
			buildConfigurations = (
				7FE7C90418DB18A8001B8C5D /* Debug */,
				7FE7C90518DB18A8001B8C5D /* Release */,
			);
			defaultConfigurationIsVisible = 0;
			defaultConfigurationName = Release;
		};
		7FE7C90618DB18A8001B8C5D /* Build configuration list for PBXNativeTarget "DigitClock" */ = {
			isa = XCConfigurationList;
			buildConfigurations = (
				7FE7C90718DB18A8001B8C5D /* Debug */,
				7FE7C90818DB18A8001B8C5D /* Release */,
			);
			defaultConfigurationIsVisible = 0;
			defaultConfigurationName = Release;
		};
		7FE7C90918DB18A8001B8C5D /* Build configuration list for PBXNativeTarget "DigitClockTests" */ = {
			isa = XCConfigurationList;
			buildConfigurations = (
				7FE7C90A18DB18A8001B8C5D /* Debug */,
				7FE7C90B18DB18A8001B8C5D /* Release */,
			);
			defaultConfigurationIsVisible = 0;
			defaultConfigurationName = Release;
		};
/* End XCConfigurationList section */
	};
	rootObject = 7FE7C8CC18DB18A8001B8C5D /* Project object */;
}
